
Microsoft Visual Studio Solution File, Format Version 12.00
# Visual Studio Version 16
VisualStudioVersion = 16.0.29306.81
MinimumVisualStudioVersion = 10.0.40219.1
Project("{FAE04EC0-301F-11D3-BF4B-00C04F79EFBC}") = "Uppgift 3", "Uppgift 3\Uppgift 3.csproj", "{BCDB7C7B-AA95-45D5-9549-19122335BA33}"
EndProject
Global
	GlobalSection(SolutionConfigurationPlatforms) = preSolution
		Debug|Any CPU = Debug|Any CPU
		Release|Any CPU = Release|Any CPU
	EndGlobalSection
	GlobalSection(ProjectConfigurationPlatforms) = postSolution
		{BCDB7C7B-AA95-45D5-9549-19122335BA33}.Debug|Any CPU.ActiveCfg = Debug|Any CPU
		{BCDB7C7B-AA95-45D5-9549-19122335BA33}.Debug|Any CPU.Build.0 = Debug|Any CPU
		{BCDB7C7B-AA95-45D5-9549-19122335BA33}.Release|Any CPU.ActiveCfg = Release|Any CPU
		{BCDB7C7B-AA95-45D5-9549-19122335BA33}.Release|Any CPU.Build.0 = Release|Any CPU
	EndGlobalSection
	GlobalSection(SolutionProperties) = preSolution
		HideSolutionNode = FALSE
	EndGlobalSection
	GlobalSection(ExtensibilityGlobals) = postSolution
		SolutionGuid = {CF3C0C2A-CF0E-4CCF-B39A-22D4AB4376DA}
	EndGlobalSection
EndGlobal
