
Microsoft Visual Studio Solution File, Format Version 12.00
# Visual Studio Version 16
VisualStudioVersion = 16.0.29306.81
MinimumVisualStudioVersion = 10.0.40219.1
Project("{FAE04EC0-301F-11D3-BF4B-00C04F79EFBC}") = "Uppgift 2", "Uppgift 2\Uppgift 2.csproj", "{043804DE-5B00-4565-88DE-3B0A7B385A23}"
EndProject
Global
	GlobalSection(SolutionConfigurationPlatforms) = preSolution
		Debug|Any CPU = Debug|Any CPU
		Release|Any CPU = Release|Any CPU
	EndGlobalSection
	GlobalSection(ProjectConfigurationPlatforms) = postSolution
		{043804DE-5B00-4565-88DE-3B0A7B385A23}.Debug|Any CPU.ActiveCfg = Debug|Any CPU
		{043804DE-5B00-4565-88DE-3B0A7B385A23}.Debug|Any CPU.Build.0 = Debug|Any CPU
		{043804DE-5B00-4565-88DE-3B0A7B385A23}.Release|Any CPU.ActiveCfg = Release|Any CPU
		{043804DE-5B00-4565-88DE-3B0A7B385A23}.Release|Any CPU.Build.0 = Release|Any CPU
	EndGlobalSection
	GlobalSection(SolutionProperties) = preSolution
		HideSolutionNode = FALSE
	EndGlobalSection
	GlobalSection(ExtensibilityGlobals) = postSolution
		SolutionGuid = {C8E811C0-DCFE-40C4-9918-14848913A865}
	EndGlobalSection
EndGlobal
